
Microsoft Visual Studio Solution File, Format Version 12.00
# Visual Studio Version 16
VisualStudioVersion = 16.0.33130.400
MinimumVisualStudioVersion = 10.0.40219.1
Project("{FAE04EC0-301F-11D3-BF4B-00C04F79EFBC}") = "Collections", "Collections\Collections.csproj", "{C3411156-DB97-4AF2-97C2-B58900D47AC3}"
EndProject
Global
	GlobalSection(SolutionConfigurationPlatforms) = preSolution
		Debug|Any CPU = Debug|Any CPU
		Release|Any CPU = Release|Any CPU
	EndGlobalSection
	GlobalSection(ProjectConfigurationPlatforms) = postSolution
		{C3411156-DB97-4AF2-97C2-B58900D47AC3}.Debug|Any CPU.ActiveCfg = Debug|Any CPU
		{C3411156-DB97-4AF2-97C2-B58900D47AC3}.Debug|Any CPU.Build.0 = Debug|Any CPU
		{C3411156-DB97-4AF2-97C2-B58900D47AC3}.Release|Any CPU.ActiveCfg = Release|Any CPU
		{C3411156-DB97-4AF2-97C2-B58900D47AC3}.Release|Any CPU.Build.0 = Release|Any CPU
	EndGlobalSection
	GlobalSection(SolutionProperties) = preSolution
		HideSolutionNode = FALSE
	EndGlobalSection
	GlobalSection(ExtensibilityGlobals) = postSolution
		SolutionGuid = {81C75459-E65A-4BB4-AA64-8571886FD47D}
	EndGlobalSection
EndGlobal
